
Microsoft Visual Studio Solution File, Format Version 12.00
# Visual Studio 15
VisualStudioVersion = 15.0.28307.1622
MinimumVisualStudioVersion = 10.0.40219.1
Project("{FAE04EC0-301F-11D3-BF4B-00C04F79EFBC}") = "TestCompanyFile", "TestCompanyFile\TestCompanyFile.csproj", "{DBADBB7C-085B-4D7E-B6E2-3A64C0441586}"
EndProject
Global
	GlobalSection(SolutionConfigurationPlatforms) = preSolution
		Debug|Any CPU = Debug|Any CPU
		Release|Any CPU = Release|Any CPU
	EndGlobalSection
	GlobalSection(ProjectConfigurationPlatforms) = postSolution
		{DBADBB7C-085B-4D7E-B6E2-3A64C0441586}.Debug|Any CPU.ActiveCfg = Debug|Any CPU
		{DBADBB7C-085B-4D7E-B6E2-3A64C0441586}.Debug|Any CPU.Build.0 = Debug|Any CPU
		{DBADBB7C-085B-4D7E-B6E2-3A64C0441586}.Release|Any CPU.ActiveCfg = Release|Any CPU
		{DBADBB7C-085B-4D7E-B6E2-3A64C0441586}.Release|Any CPU.Build.0 = Release|Any CPU
	EndGlobalSection
	GlobalSection(SolutionProperties) = preSolution
		HideSolutionNode = FALSE
	EndGlobalSection
	GlobalSection(ExtensibilityGlobals) = postSolution
		SolutionGuid = {77142D65-FC89-4B70-930E-E8C0012F0FD2}
	EndGlobalSection
EndGlobal
